# This file is automatically @generated by Poetry 1.8.4 and should not be changed by hand.

[[package]]
name = "typer"
version = "0.12.5"
description = "Typer, build great CLIs. Easy to code. Based on Python type hints."
optional = false
python-versions = "*"
files = []

[metadata]
lock-version = "2.0"
python-versions = "^3.9"
content-hash = "eff70d44aa55cf23d56d60f1f20bc6742f78689e9742fc4d4037cf1d6d36ebfd"
